
Microsoft Visual Studio Solution File, Format Version 12.00
# Visual Studio Version 17
VisualStudioVersion = 17.3.32901.215
MinimumVisualStudioVersion = 10.0.40219.1
Project("{FAE04EC0-301F-11D3-BF4B-00C04F79EFBC}") = "Traything", "Traything.csproj", "{055FDFDB-BE94-4DD1-AA3C-7379CE310008}"
EndProject
Global
	GlobalSection(SolutionConfigurationPlatforms) = preSolution
		Debug|x64 = Debug|x64
		Release|x64 = Release|x64
	EndGlobalSection
	GlobalSection(ProjectConfigurationPlatforms) = postSolution
		{055FDFDB-BE94-4DD1-AA3C-7379CE310008}.Debug|x64.ActiveCfg = Debug|x64
		{055FDFDB-BE94-4DD1-AA3C-7379CE310008}.Debug|x64.Build.0 = Debug|x64
		{055FDFDB-BE94-4DD1-AA3C-7379CE310008}.Release|x64.ActiveCfg = Release|x64
		{055FDFDB-BE94-4DD1-AA3C-7379CE310008}.Release|x64.Build.0 = Release|x64
	EndGlobalSection
	GlobalSection(SolutionProperties) = preSolution
		HideSolutionNode = FALSE
	EndGlobalSection
	GlobalSection(ExtensibilityGlobals) = postSolution
		SolutionGuid = {1046D94D-0D7F-4558-BE06-32E34E785279}
	EndGlobalSection
EndGlobal
